
Microsoft Visual Studio Solution File, Format Version 12.00
# Visual Studio Version 16
VisualStudioVersion = 16.0.29613.14
MinimumVisualStudioVersion = 10.0.40219.1
Project("{FAE04EC0-301F-11D3-BF4B-00C04F79EFBC}") = "MapAnimateWpf", "MapAnimateWpf\MapAnimateWpf.csproj", "{557D198E-F785-4D06-A60B-8F99639E612C}"
EndProject
Global
	GlobalSection(SolutionConfigurationPlatforms) = preSolution
		Debug|Any CPU = Debug|Any CPU
		Release|Any CPU = Release|Any CPU
	EndGlobalSection
	GlobalSection(ProjectConfigurationPlatforms) = postSolution
		{557D198E-F785-4D06-A60B-8F99639E612C}.Debug|Any CPU.ActiveCfg = Debug|Any CPU
		{557D198E-F785-4D06-A60B-8F99639E612C}.Debug|Any CPU.Build.0 = Debug|Any CPU
		{557D198E-F785-4D06-A60B-8F99639E612C}.Release|Any CPU.ActiveCfg = Release|Any CPU
		{557D198E-F785-4D06-A60B-8F99639E612C}.Release|Any CPU.Build.0 = Release|Any CPU
	EndGlobalSection
	GlobalSection(SolutionProperties) = preSolution
		HideSolutionNode = FALSE
	EndGlobalSection
	GlobalSection(ExtensibilityGlobals) = postSolution
		SolutionGuid = {2E089238-75D0-4C30-B6E4-5B2628F49AA9}
	EndGlobalSection
EndGlobal
